{
  "name": "wikidata-testbed",
  "version": "1.0.0",
  "lockfileVersion": 2,
  "requires": true,
  "packages": {
    "": {
      "version": "1.0.0",
      "license": "ISC",
      "dependencies": {
        "wikidata-entity-lookup": "^2.1.0"
      },
      "devDependencies": {
        "typescript": "^4.2.4"
      }
    },
    "node_modules/typescript": {
      "version": "4.2.4",
      "resolved": "https://registry.npmjs.org/typescript/-/typescript-4.2.4.tgz",
      "integrity": "sha512-V+evlYHZnQkaz8TRBuxTA92yZBPotr5H+WhQ7bD3hZUndx5tGOa1fuCgeSjxAzM1RiN5IzvadIXTVefuuwZCRg==",
      "dev": true,
      "bin": {
        "tsc": "bin/tsc",
        "tsserver": "bin/tsserver"
      },
      "engines": {
        "node": ">=4.2.0"
      }
    },
    "node_modules/wikibase-sdk": {
      "version": "7.11.1",
      "resolved": "https://registry.npmjs.org/wikibase-sdk/-/wikibase-sdk-7.11.1.tgz",
      "integrity": "sha512-affAamti2V69czAQoxHk0X4MuQaFU04jGCjXhvvsMeMnC2mhUmzSBibkCRPthB6vlS5dY6B8KDCWwygmVoiTHg==",
      "engines": {
        "node": ">= 6.4"
      }
    },
    "node_modules/wikidata-entity-lookup": {
      "version": "2.1.0",
      "resolved": "https://registry.npmjs.org/wikidata-entity-lookup/-/wikidata-entity-lookup-2.1.0.tgz",
      "integrity": "sha512-AT3Qg0DsyiCo0hEUp+ACl2vM3cFw2WcqLfbxjzB7giTb8C9oRAHpnPJu6TfCgahk6UM6upgmwEbjLrzggBiORQ==",
      "dependencies": {
        "wikidata-sdk": "^7.8.0"
      }
    },
    "node_modules/wikidata-sdk": {
      "version": "7.11.1",
      "resolved": "https://registry.npmjs.org/wikidata-sdk/-/wikidata-sdk-7.11.1.tgz",
      "integrity": "sha512-oXmLcCo0Qd3xY4G5ZY4YFS34WUJBBWjKdYK/Sg8ns6PXmgp2fl7E9rYyxWFXxPsmyxbi9zTyXXipN/fTuHpGxQ==",
      "dependencies": {
        "wikibase-sdk": "^7.11.1"
      },
      "engines": {
        "node": ">= 6.4"
      }
    }
  },
  "dependencies": {
    "typescript": {
      "version": "4.2.4",
      "resolved": "https://registry.npmjs.org/typescript/-/typescript-4.2.4.tgz",
      "integrity": "sha512-V+evlYHZnQkaz8TRBuxTA92yZBPotr5H+WhQ7bD3hZUndx5tGOa1fuCgeSjxAzM1RiN5IzvadIXTVefuuwZCRg==",
      "dev": true
    },
    "wikibase-sdk": {
      "version": "7.11.1",
      "resolved": "https://registry.npmjs.org/wikibase-sdk/-/wikibase-sdk-7.11.1.tgz",
      "integrity": "sha512-affAamti2V69czAQoxHk0X4MuQaFU04jGCjXhvvsMeMnC2mhUmzSBibkCRPthB6vlS5dY6B8KDCWwygmVoiTHg=="
    },
    "wikidata-entity-lookup": {
      "version": "2.1.0",
      "resolved": "https://registry.npmjs.org/wikidata-entity-lookup/-/wikidata-entity-lookup-2.1.0.tgz",
      "integrity": "sha512-AT3Qg0DsyiCo0hEUp+ACl2vM3cFw2WcqLfbxjzB7giTb8C9oRAHpnPJu6TfCgahk6UM6upgmwEbjLrzggBiORQ==",
      "requires": {
        "wikidata-sdk": "^7.8.0"
      }
    },
    "wikidata-sdk": {
      "version": "7.11.1",
      "resolved": "https://registry.npmjs.org/wikidata-sdk/-/wikidata-sdk-7.11.1.tgz",
      "integrity": "sha512-oXmLcCo0Qd3xY4G5ZY4YFS34WUJBBWjKdYK/Sg8ns6PXmgp2fl7E9rYyxWFXxPsmyxbi9zTyXXipN/fTuHpGxQ==",
      "requires": {
        "wikibase-sdk": "^7.11.1"
      }
    }
  }
}
