{
  "name": "wikidata-testbed",
  "version": "1.0.0",
  "lockfileVersion": 1,
  "requires": true,
  "dependencies": {
    "@types/node": {
      "version": "14.14.41",
      "resolved": "https://registry.npmjs.org/@types/node/-/node-14.14.41.tgz",
      "integrity": "sha512-dueRKfaJL4RTtSa7bWeTK1M+VH+Gns73oCgzvYfHZywRCoPSd8EkXBL0mZ9unPTveBn+D9phZBaxuzpwjWkW0g==",
      "dev": true
    },
    "@types/wikidata-sdk": {
      "version": "6.1.0",
      "resolved": "https://registry.npmjs.org/@types/wikidata-sdk/-/wikidata-sdk-6.1.0.tgz",
      "integrity": "sha512-4IG0mbD97vnpNUCCsybYOZvXDPOgv4riDHllKKkv4yKM90md2j2lH3yqp2pnPURHS79tbQibZybANHT++J25fA==",
      "dev": true,
      "requires": {
        "wikidata-sdk": "*"
      }
    },
    "axios": {
      "version": "0.21.1",
      "resolved": "https://registry.npmjs.org/axios/-/axios-0.21.1.tgz",
      "integrity": "sha512-dKQiRHxGD9PPRIUNIWvZhPTPpl1rf/OxTYKsqKUDjBwYylTvV7SjSHJb9ratfyzM6wCdLCOYLzs73qpg5c4iGA==",
      "requires": {
        "follow-redirects": "^1.10.0"
      }
    },
    "follow-redirects": {
      "version": "1.13.3",
      "resolved": "https://registry.npmjs.org/follow-redirects/-/follow-redirects-1.13.3.tgz",
      "integrity": "sha512-DUgl6+HDzB0iEptNQEXLx/KhTmDb8tZUHSeLqpnjpknR70H0nC2t9N73BK6fN4hOvJ84pKlIQVQ4k5FFlBedKA=="
    },
    "typescript": {
      "version": "4.2.4",
      "resolved": "https://registry.npmjs.org/typescript/-/typescript-4.2.4.tgz",
      "integrity": "sha512-V+evlYHZnQkaz8TRBuxTA92yZBPotr5H+WhQ7bD3hZUndx5tGOa1fuCgeSjxAzM1RiN5IzvadIXTVefuuwZCRg==",
      "dev": true
    },
    "wikibase-sdk": {
      "version": "7.13.0",
      "resolved": "https://registry.npmjs.org/wikibase-sdk/-/wikibase-sdk-7.13.0.tgz",
      "integrity": "sha512-XVnmSmE4sYXmMQBTLzfKyxz1SvdVL2YiCfbvwObh23WBG2Dcer/HZsg6LN3l/KhUHo8g2Fse+b3PgZqJRSfRAg=="
    },
    "wikidata-sdk": {
      "version": "7.11.1",
      "resolved": "https://registry.npmjs.org/wikidata-sdk/-/wikidata-sdk-7.11.1.tgz",
      "integrity": "sha512-oXmLcCo0Qd3xY4G5ZY4YFS34WUJBBWjKdYK/Sg8ns6PXmgp2fl7E9rYyxWFXxPsmyxbi9zTyXXipN/fTuHpGxQ==",
      "requires": {
        "wikibase-sdk": "^7.11.1"
      }
    }
  }
}
